
Microsoft Visual Studio Solution File, Format Version 12.00
# Visual Studio Version 17
VisualStudioVersion = 17.14.36121.58 d17.14
MinimumVisualStudioVersion = 10.0.40219.1
Project("{FAE04EC0-301F-11D3-BF4B-00C04F79EFBC}") = "DenounceBeasts.API", "DenounceBeasts.API\DenounceBeasts.API.csproj", "{DF6E796E-B2D3-4374-82B2-F0FEA798DB3D}"
EndProject
Global
	GlobalSection(SolutionConfigurationPlatforms) = preSolution
		Debug|Any CPU = Debug|Any CPU
		Release|Any CPU = Release|Any CPU
	EndGlobalSection
	GlobalSection(ProjectConfigurationPlatforms) = postSolution
		{DF6E796E-B2D3-4374-82B2-F0FEA798DB3D}.Debug|Any CPU.ActiveCfg = Debug|Any CPU
		{DF6E796E-B2D3-4374-82B2-F0FEA798DB3D}.Debug|Any CPU.Build.0 = Debug|Any CPU
		{DF6E796E-B2D3-4374-82B2-F0FEA798DB3D}.Release|Any CPU.ActiveCfg = Release|Any CPU
		{DF6E796E-B2D3-4374-82B2-F0FEA798DB3D}.Release|Any CPU.Build.0 = Release|Any CPU
	EndGlobalSection
	GlobalSection(SolutionProperties) = preSolution
		HideSolutionNode = FALSE
	EndGlobalSection
	GlobalSection(ExtensibilityGlobals) = postSolution
		SolutionGuid = {1CE87E3C-91F6-4455-AF69-5A0BA7152B61}
	EndGlobalSection
EndGlobal
