
Microsoft Visual Studio Solution File, Format Version 12.00
# Visual Studio Version 17
VisualStudioVersion = 17.14.36121.58
MinimumVisualStudioVersion = 10.0.40219.1
Project("{FAE04EC0-301F-11D3-BF4B-00C04F79EFBC}") = "DenounceBeasts.API", "DenounceBeasts.API\DenounceBeasts.API.csproj", "{957D8E90-D13B-4CA9-A10F-A14BA0804459}"
EndProject
Project("{FAE04EC0-301F-11D3-BF4B-00C04F79EFBC}") = "DenounceBeasts.Domain", "DenounceBeasts.Domain\DenounceBeasts.Domain.csproj", "{051100DA-C4B9-4406-9241-EF715DCD2006}"
EndProject
Project("{FAE04EC0-301F-11D3-BF4B-00C04F79EFBC}") = "DenounceBeasts.Infrasctructure", "DenounceBeasts.Infrasctructure\DenounceBeasts.Infrasctructure.csproj", "{DCD65047-451A-4045-9BF4-2E9CF249702D}"
EndProject
Project("{FAE04EC0-301F-11D3-BF4B-00C04F79EFBC}") = "DenounceBeasts.Business", "DenounceBeasts.Business\DenounceBeasts.Business.csproj", "{CDD43611-CC61-4EB4-BAB7-0BECE3B576BC}"
EndProject
Project("{FAE04EC0-301F-11D3-BF4B-00C04F79EFBC}") = "DenounceBeasts.Presentation", "DenounceBeasts.Presentation\DenounceBeasts.Presentation.csproj", "{C17DC235-95A1-49D9-A3D2-D5EE9B941DD7}"
EndProject
Global
	GlobalSection(SolutionConfigurationPlatforms) = preSolution
		Debug|Any CPU = Debug|Any CPU
		Release|Any CPU = Release|Any CPU
	EndGlobalSection
	GlobalSection(ProjectConfigurationPlatforms) = postSolution
		{957D8E90-D13B-4CA9-A10F-A14BA0804459}.Debug|Any CPU.ActiveCfg = Debug|Any CPU
		{957D8E90-D13B-4CA9-A10F-A14BA0804459}.Debug|Any CPU.Build.0 = Debug|Any CPU
		{957D8E90-D13B-4CA9-A10F-A14BA0804459}.Release|Any CPU.ActiveCfg = Release|Any CPU
		{957D8E90-D13B-4CA9-A10F-A14BA0804459}.Release|Any CPU.Build.0 = Release|Any CPU
		{051100DA-C4B9-4406-9241-EF715DCD2006}.Debug|Any CPU.ActiveCfg = Debug|Any CPU
		{051100DA-C4B9-4406-9241-EF715DCD2006}.Debug|Any CPU.Build.0 = Debug|Any CPU
		{051100DA-C4B9-4406-9241-EF715DCD2006}.Release|Any CPU.ActiveCfg = Release|Any CPU
		{051100DA-C4B9-4406-9241-EF715DCD2006}.Release|Any CPU.Build.0 = Release|Any CPU
		{DCD65047-451A-4045-9BF4-2E9CF249702D}.Debug|Any CPU.ActiveCfg = Debug|Any CPU
		{DCD65047-451A-4045-9BF4-2E9CF249702D}.Debug|Any CPU.Build.0 = Debug|Any CPU
		{DCD65047-451A-4045-9BF4-2E9CF249702D}.Release|Any CPU.ActiveCfg = Release|Any CPU
		{DCD65047-451A-4045-9BF4-2E9CF249702D}.Release|Any CPU.Build.0 = Release|Any CPU
		{CDD43611-CC61-4EB4-BAB7-0BECE3B576BC}.Debug|Any CPU.ActiveCfg = Debug|Any CPU
		{CDD43611-CC61-4EB4-BAB7-0BECE3B576BC}.Debug|Any CPU.Build.0 = Debug|Any CPU
		{CDD43611-CC61-4EB4-BAB7-0BECE3B576BC}.Release|Any CPU.ActiveCfg = Release|Any CPU
		{CDD43611-CC61-4EB4-BAB7-0BECE3B576BC}.Release|Any CPU.Build.0 = Release|Any CPU
		{C17DC235-95A1-49D9-A3D2-D5EE9B941DD7}.Debug|Any CPU.ActiveCfg = Debug|Any CPU
		{C17DC235-95A1-49D9-A3D2-D5EE9B941DD7}.Debug|Any CPU.Build.0 = Debug|Any CPU
		{C17DC235-95A1-49D9-A3D2-D5EE9B941DD7}.Release|Any CPU.ActiveCfg = Release|Any CPU
		{C17DC235-95A1-49D9-A3D2-D5EE9B941DD7}.Release|Any CPU.Build.0 = Release|Any CPU
	EndGlobalSection
	GlobalSection(SolutionProperties) = preSolution
		HideSolutionNode = FALSE
	EndGlobalSection
	GlobalSection(ExtensibilityGlobals) = postSolution
		SolutionGuid = {3D53885D-63FF-468B-955A-4CADB583A152}
	EndGlobalSection
EndGlobal
